
Microsoft Visual Studio Solution File, Format Version 12.00
# Visual Studio Version 17
VisualStudioVersion = 17.4.33103.184
MinimumVisualStudioVersion = 10.0.40219.1
Project("{FAE04EC0-301F-11D3-BF4B-00C04F79EFBC}") = "SA.Portfolio", "SA.Portfolio\SA.Portfolio.csproj", "{4873C51F-2356-439D-88A6-C75C9704722F}"
EndProject
Global
	GlobalSection(SolutionConfigurationPlatforms) = preSolution
		Debug|Any CPU = Debug|Any CPU
		Release|Any CPU = Release|Any CPU
	EndGlobalSection
	GlobalSection(ProjectConfigurationPlatforms) = postSolution
		{4873C51F-2356-439D-88A6-C75C9704722F}.Debug|Any CPU.ActiveCfg = Debug|Any CPU
		{4873C51F-2356-439D-88A6-C75C9704722F}.Debug|Any CPU.Build.0 = Debug|Any CPU
		{4873C51F-2356-439D-88A6-C75C9704722F}.Release|Any CPU.ActiveCfg = Release|Any CPU
		{4873C51F-2356-439D-88A6-C75C9704722F}.Release|Any CPU.Build.0 = Release|Any CPU
	EndGlobalSection
	GlobalSection(SolutionProperties) = preSolution
		HideSolutionNode = FALSE
	EndGlobalSection
	GlobalSection(ExtensibilityGlobals) = postSolution
		SolutionGuid = {2F15A813-98A6-42C5-AF48-3A13D9290545}
	EndGlobalSection
EndGlobal
